// !$*UTF8*$!
{
	archiveVersion = 1;
	classes = {
	};
	objectVersion = 46;
	objects = {

/* Begin PBXBuildFile section */
		DC6570C81DE0F0AC00266579 /* AppDelegate.swift in Sources */ = {isa = PBXBuildFile; fileRef = DC6570C71DE0F0AC00266579 /* AppDelegate.swift */; };
		DC6570CA1DE0F0AC00266579 /* ViewController.swift in Sources */ = {isa = PBXBuildFile; fileRef = DC6570C91DE0F0AC00266579 /* ViewController.swift */; };
		DC6570CD1DE0F0AC00266579 /* Main.storyboard in Resources */ = {isa = PBXBuildFile; fileRef = DC6570CB1DE0F0AC00266579 /* Main.storyboard */; };
		DC6570CF1DE0F0AC00266579 /* Assets.xcassets in Resources */ = {isa = PBXBuildFile; fileRef = DC6570CE1DE0F0AC00266579 /* Assets.xcassets */; };
		DC6570D21DE0F0AC00266579 /* LaunchScreen.storyboard in Resources */ = {isa = PBXBuildFile; fileRef = DC6570D01DE0F0AC00266579 /* LaunchScreen.storyboard */; };
		DC6570DD1DE0F0AC00266579 /* WorkoutTests.swift in Sources */ = {isa = PBXBuildFile; fileRef = DC6570DC1DE0F0AC00266579 /* WorkoutTests.swift */; };
		DC6570E81DE1F5E300266579 /* ExerciseModel.swift in Sources */ = {isa = PBXBuildFile; fileRef = DC6570E71DE1F5E300266579 /* ExerciseModel.swift */; };
		DCF086631DE7783E00BDAE69 /* SetTableViewCell.swift in Sources */ = {isa = PBXBuildFile; fileRef = DCF086621DE7783E00BDAE69 /* SetTableViewCell.swift */; };
/* End PBXBuildFile section */

/* Begin PBXContainerItemProxy section */
		DC6570D91DE0F0AC00266579 /* PBXContainerItemProxy */ = {
			isa = PBXContainerItemProxy;
			containerPortal = DC6570BC1DE0F0AB00266579 /* Project object */;
			proxyType = 1;
			remoteGlobalIDString = DC6570C31DE0F0AB00266579;
			remoteInfo = Workout;
		};
/* End PBXContainerItemProxy section */

/* Begin PBXFileReference section */
		DC6570C41DE0F0AC00266579 /* Workout.app */ = {isa = PBXFileReference; explicitFileType = wrapper.application; includeInIndex = 0; path = Workout.app; sourceTree = BUILT_PRODUCTS_DIR; };
		DC6570C71DE0F0AC00266579 /* AppDelegate.swift */ = {isa = PBXFileReference; lastKnownFileType = sourcecode.swift; path = AppDelegate.swift; sourceTree = "<group>"; };
		DC6570C91DE0F0AC00266579 /* ViewController.swift */ = {isa = PBXFileReference; lastKnownFileType = sourcecode.swift; path = ViewController.swift; sourceTree = "<group>"; };
		DC6570CC1DE0F0AC00266579 /* Base */ = {isa = PBXFileReference; lastKnownFileType = file.storyboard; name = Base; path = Base.lproj/Main.storyboard; sourceTree = "<group>"; };
		DC6570CE1DE0F0AC00266579 /* Assets.xcassets */ = {isa = PBXFileReference; lastKnownFileType = folder.assetcatalog; path = Assets.xcassets; sourceTree = "<group>"; };
		DC6570D11DE0F0AC00266579 /* Base */ = {isa = PBXFileReference; lastKnownFileType = file.storyboard; name = Base; path = Base.lproj/LaunchScreen.storyboard; sourceTree = "<group>"; };
		DC6570D31DE0F0AC00266579 /* Info.plist */ = {isa = PBXFileReference; lastKnownFileType = text.plist.xml; path = Info.plist; sourceTree = "<group>"; };
		DC6570D81DE0F0AC00266579 /* WorkoutTests.xctest */ = {isa = PBXFileReference; explicitFileType = wrapper.cfbundle; includeInIndex = 0; path = WorkoutTests.xctest; sourceTree = BUILT_PRODUCTS_DIR; };
		DC6570DC1DE0F0AC00266579 /* WorkoutTests.swift */ = {isa = PBXFileReference; lastKnownFileType = sourcecode.swift; path = WorkoutTests.swift; sourceTree = "<group>"; };
		DC6570DE1DE0F0AC00266579 /* Info.plist */ = {isa = PBXFileReference; lastKnownFileType = text.plist.xml; path = Info.plist; sourceTree = "<group>"; };
		DC6570E71DE1F5E300266579 /* ExerciseModel.swift */ = {isa = PBXFileReference; fileEncoding = 4; lastKnownFileType = sourcecode.swift; path = ExerciseModel.swift; sourceTree = "<group>"; };
		DCF086621DE7783E00BDAE69 /* SetTableViewCell.swift */ = {isa = PBXFileReference; fileEncoding = 4; lastKnownFileType = sourcecode.swift; path = SetTableViewCell.swift; sourceTree = "<group>"; };
/* End PBXFileReference section */

/* Begin PBXFrameworksBuildPhase section */
		DC6570C11DE0F0AB00266579 /* Frameworks */ = {
			isa = PBXFrameworksBuildPhase;
			buildActionMask = 2147483647;
			files = (
			);
			runOnlyForDeploymentPostprocessing = 0;
		};
		DC6570D51DE0F0AC00266579 /* Frameworks */ = {
			isa = PBXFrameworksBuildPhase;
			buildActionMask = 2147483647;
			files = (
			);
			runOnlyForDeploymentPostprocessing = 0;
		};
/* End PBXFrameworksBuildPhase section */

/* Begin PBXGroup section */
		DC6570BB1DE0F0AB00266579 = {
			isa = PBXGroup;
			children = (
				DC6570C61DE0F0AC00266579 /* Workout */,
				DC6570DB1DE0F0AC00266579 /* WorkoutTests */,
				DC6570C51DE0F0AC00266579 /* Products */,
			);
			sourceTree = "<group>";
		};
		DC6570C51DE0F0AC00266579 /* Products */ = {
			isa = PBXGroup;
			children = (
				DC6570C41DE0F0AC00266579 /* Workout.app */,
				DC6570D81DE0F0AC00266579 /* WorkoutTests.xctest */,
			);
			name = Products;
			sourceTree = "<group>";
		};
		DC6570C61DE0F0AC00266579 /* Workout */ = {
			isa = PBXGroup;
			children = (
				DC6570C71DE0F0AC00266579 /* AppDelegate.swift */,
				DC6570C91DE0F0AC00266579 /* ViewController.swift */,
				DCF086621DE7783E00BDAE69 /* SetTableViewCell.swift */,
				DC6570E71DE1F5E300266579 /* ExerciseModel.swift */,
				DC6570CB1DE0F0AC00266579 /* Main.storyboard */,
				DC6570CE1DE0F0AC00266579 /* Assets.xcassets */,
				DC6570D01DE0F0AC00266579 /* LaunchScreen.storyboard */,
				DC6570D31DE0F0AC00266579 /* Info.plist */,
			);
			path = Workout;
			sourceTree = "<group>";
		};
		DC6570DB1DE0F0AC00266579 /* WorkoutTests */ = {
			isa = PBXGroup;
			children = (
				DC6570DC1DE0F0AC00266579 /* WorkoutTests.swift */,
				DC6570DE1DE0F0AC00266579 /* Info.plist */,
			);
			path = WorkoutTests;
			sourceTree = "<group>";
		};
/* End PBXGroup section */

/* Begin PBXNativeTarget section */
		DC6570C31DE0F0AB00266579 /* Workout */ = {
			isa = PBXNativeTarget;
			buildConfigurationList = DC6570E11DE0F0AC00266579 /* Build configuration list for PBXNativeTarget "Workout" */;
			buildPhases = (
				DC6570C01DE0F0AB00266579 /* Sources */,
				DC6570C11DE0F0AB00266579 /* Frameworks */,
				DC6570C21DE0F0AB00266579 /* Resources */,
			);
			buildRules = (
			);
			dependencies = (
			);
			name = Workout;
			productName = Workout;
			productReference = DC6570C41DE0F0AC00266579 /* Workout.app */;
			productType = "com.apple.product-type.application";
		};
		DC6570D71DE0F0AC00266579 /* WorkoutTests */ = {
			isa = PBXNativeTarget;
			buildConfigurationList = DC6570E41DE0F0AC00266579 /* Build configuration list for PBXNativeTarget "WorkoutTests" */;
			buildPhases = (
				DC6570D41DE0F0AC00266579 /* Sources */,
				DC6570D51DE0F0AC00266579 /* Frameworks */,
				DC6570D61DE0F0AC00266579 /* Resources */,
			);
			buildRules = (
			);
			dependencies = (
				DC6570DA1DE0F0AC00266579 /* PBXTargetDependency */,
			);
			name = WorkoutTests;
			productName = WorkoutTests;
			productReference = DC6570D81DE0F0AC00266579 /* WorkoutTests.xctest */;
			productType = "com.apple.product-type.bundle.unit-test";
		};
/* End PBXNativeTarget section */

/* Begin PBXProject section */
		DC6570BC1DE0F0AB00266579 /* Project object */ = {
			isa = PBXProject;
			attributes = {
				LastSwiftUpdateCheck = 0810;
				LastUpgradeCheck = 0810;
				ORGANIZATIONNAME = "Stephen Lasky";
				TargetAttributes = {
					DC6570C31DE0F0AB00266579 = {
						CreatedOnToolsVersion = 8.1;
						DevelopmentTeam = 4YZSA42PT9;
						ProvisioningStyle = Automatic;
					};
					DC6570D71DE0F0AC00266579 = {
						CreatedOnToolsVersion = 8.1;
						ProvisioningStyle = Automatic;
						TestTargetID = DC6570C31DE0F0AB00266579;
					};
				};
			};
			buildConfigurationList = DC6570BF1DE0F0AB00266579 /* Build configuration list for PBXProject "Workout" */;
			compatibilityVersion = "Xcode 3.2";
			developmentRegion = English;
			hasScannedForEncodings = 0;
			knownRegions = (
				en,
				Base,
			);
			mainGroup = DC6570BB1DE0F0AB00266579;
			productRefGroup = DC6570C51DE0F0AC00266579 /* Products */;
			projectDirPath = "";
			projectRoot = "";
			targets = (
				DC6570C31DE0F0AB00266579 /* Workout */,
				DC6570D71DE0F0AC00266579 /* WorkoutTests */,
			);
		};
/* End PBXProject section */

/* Begin PBXResourcesBuildPhase section */
		DC6570C21DE0F0AB00266579 /* Resources */ = {
			isa = PBXResourcesBuildPhase;
			buildActionMask = 2147483647;
			files = (
				DC6570D21DE0F0AC00266579 /* LaunchScreen.storyboard in Resources */,
				DC6570CF1DE0F0AC00266579 /* Assets.xcassets in Resources */,
				DC6570CD1DE0F0AC00266579 /* Main.storyboard in Resources */,
			);
			runOnlyForDeploymentPostprocessing = 0;
		};
		DC6570D61DE0F0AC00266579 /* Resources */ = {
			isa = PBXResourcesBuildPhase;
			buildActionMask = 2147483647;
			files = (
			);
			runOnlyForDeploymentPostprocessing = 0;
		};
/* End PBXResourcesBuildPhase section */

/* Begin PBXSourcesBuildPhase section */
		DC6570C01DE0F0AB00266579 /* Sources */ = {
			isa = PBXSourcesBuildPhase;
			buildActionMask = 2147483647;
			files = (
				DCF086631DE7783E00BDAE69 /* SetTableViewCell.swift in Sources */,
				DC6570CA1DE0F0AC00266579 /* ViewController.swift in Sources */,
				DC6570E81DE1F5E300266579 /* ExerciseModel.swift in Sources */,
				DC6570C81DE0F0AC00266579 /* AppDelegate.swift in Sources */,
			);
			runOnlyForDeploymentPostprocessing = 0;
		};
		DC6570D41DE0F0AC00266579 /* Sources */ = {
			isa = PBXSourcesBuildPhase;
			buildActionMask = 2147483647;
			files = (
				DC6570DD1DE0F0AC00266579 /* WorkoutTests.swift in Sources */,
			);
			runOnlyForDeploymentPostprocessing = 0;
		};
/* End PBXSourcesBuildPhase section */

/* Begin PBXTargetDependency section */
		DC6570DA1DE0F0AC00266579 /* PBXTargetDependency */ = {
			isa = PBXTargetDependency;
			target = DC6570C31DE0F0AB00266579 /* Workout */;
			targetProxy = DC6570D91DE0F0AC00266579 /* PBXContainerItemProxy */;
		};
/* End PBXTargetDependency section */

/* Begin PBXVariantGroup section */
		DC6570CB1DE0F0AC00266579 /* Main.storyboard */ = {
			isa = PBXVariantGroup;
			children = (
				DC6570CC1DE0F0AC00266579 /* Base */,
			);
			name = Main.storyboard;
			sourceTree = "<group>";
		};
		DC6570D01DE0F0AC00266579 /* LaunchScreen.storyboard */ = {
			isa = PBXVariantGroup;
			children = (
				DC6570D11DE0F0AC00266579 /* Base */,
			);
			name = LaunchScreen.storyboard;
			sourceTree = "<group>";
		};
/* End PBXVariantGroup section */

/* Begin XCBuildConfiguration section */
		DC6570DF1DE0F0AC00266579 /* Debug */ = {
			isa = XCBuildConfiguration;
			buildSettings = {
				ALWAYS_SEARCH_USER_PATHS = NO;
				CLANG_ANALYZER_NONNULL = YES;
				CLANG_CXX_LANGUAGE_STANDARD = "gnu++0x";
				CLANG_CXX_LIBRARY = "libc++";
				CLANG_ENABLE_MODULES = YES;
				CLANG_ENABLE_OBJC_ARC = YES;
				CLANG_WARN_BOOL_CONVERSION = YES;
				CLANG_WARN_CONSTANT_CONVERSION = YES;
				CLANG_WARN_DIRECT_OBJC_ISA_USAGE = YES_ERROR;
				CLANG_WARN_DOCUMENTATION_COMMENTS = YES;
				CLANG_WARN_EMPTY_BODY = YES;
				CLANG_WARN_ENUM_CONVERSION = YES;
				CLANG_WARN_INFINITE_RECURSION = YES;
				CLANG_WARN_INT_CONVERSION = YES;
				CLANG_WARN_OBJC_ROOT_CLASS = YES_ERROR;
				CLANG_WARN_SUSPICIOUS_MOVES = YES;
				CLANG_WARN_UNREACHABLE_CODE = YES;
				CLANG_WARN__DUPLICATE_METHOD_MATCH = YES;
				"CODE_SIGN_IDENTITY[sdk=iphoneos*]" = "iPhone Developer";
				COPY_PHASE_STRIP = NO;
				DEBUG_INFORMATION_FORMAT = dwarf;
				ENABLE_STRICT_OBJC_MSGSEND = YES;
				ENABLE_TESTABILITY = YES;
				GCC_C_LANGUAGE_STANDARD = gnu99;
				GCC_DYNAMIC_NO_PIC = NO;
				GCC_NO_COMMON_BLOCKS = YES;
				GCC_OPTIMIZATION_LEVEL = 0;
				GCC_PREPROCESSOR_DEFINITIONS = (
					"DEBUG=1",
					"$(inherited)",
				);
				GCC_WARN_64_TO_32_BIT_CONVERSION = YES;
				GCC_WARN_ABOUT_RETURN_TYPE = YES_ERROR;
				GCC_WARN_UNDECLARED_SELECTOR = YES;
				GCC_WARN_UNINITIALIZED_AUTOS = YES_AGGRESSIVE;
				GCC_WARN_UNUSED_FUNCTION = YES;
				GCC_WARN_UNUSED_VARIABLE = YES;
				IPHONEOS_DEPLOYMENT_TARGET = 10.1;
				MTL_ENABLE_DEBUG_INFO = YES;
				ONLY_ACTIVE_ARCH = YES;
				SDKROOT = iphoneos;
				SWIFT_ACTIVE_COMPILATION_CONDITIONS = DEBUG;
				SWIFT_OPTIMIZATION_LEVEL = "-Onone";
				TARGETED_DEVICE_FAMILY = "1,2";
			};
			name = Debug;
		};
		DC6570E01DE0F0AC00266579 /* Release */ = {
			isa = XCBuildConfiguration;
			buildSettings = {
				ALWAYS_SEARCH_USER_PATHS = NO;
				CLANG_ANALYZER_NONNULL = YES;
				CLANG_CXX_LANGUAGE_STANDARD = "gnu++0x";
				CLANG_CXX_LIBRARY = "libc++";
				CLANG_ENABLE_MODULES = YES;
				CLANG_ENABLE_OBJC_ARC = YES;
				CLANG_WARN_BOOL_CONVERSION = YES;
				CLANG_WARN_CONSTANT_CONVERSION = YES;
				CLANG_WARN_DIRECT_OBJC_ISA_USAGE = YES_ERROR;
				CLANG_WARN_DOCUMENTATION_COMMENTS = YES;
				CLANG_WARN_EMPTY_BODY = YES;
				CLANG_WARN_ENUM_CONVERSION = YES;
				CLANG_WARN_INFINITE_RECURSION = YES;
				CLANG_WARN_INT_CONVERSION = YES;
				CLANG_WARN_OBJC_ROOT_CLASS = YES_ERROR;
				CLANG_WARN_SUSPICIOUS_MOVES = YES;
				CLANG_WARN_UNREACHABLE_CODE = YES;
				CLANG_WARN__DUPLICATE_METHOD_MATCH = YES;
				"CODE_SIGN_IDENTITY[sdk=iphoneos*]" = "iPhone Developer";
				COPY_PHASE_STRIP = NO;
				DEBUG_INFORMATION_FORMAT = "dwarf-with-dsym";
				ENABLE_NS_ASSERTIONS = NO;
				ENABLE_STRICT_OBJC_MSGSEND = YES;
				GCC_C_LANGUAGE_STANDARD = gnu99;
				GCC_NO_COMMON_BLOCKS = YES;
				GCC_WARN_64_TO_32_BIT_CONVERSION = YES;
				GCC_WARN_ABOUT_RETURN_TYPE = YES_ERROR;
				GCC_WARN_UNDECLARED_SELECTOR = YES;
				GCC_WARN_UNINITIALIZED_AUTOS = YES_AGGRESSIVE;
				GCC_WARN_UNUSED_FUNCTION = YES;
				GCC_WARN_UNUSED_VARIABLE = YES;
				IPHONEOS_DEPLOYMENT_TARGET = 10.1;
				MTL_ENABLE_DEBUG_INFO = NO;
				SDKROOT = iphoneos;
				SWIFT_OPTIMIZATION_LEVEL = "-Owholemodule";
				TARGETED_DEVICE_FAMILY = "1,2";
				VALIDATE_PRODUCT = YES;
			};
			name = Release;
		};
		DC6570E21DE0F0AC00266579 /* Debug */ = {
			isa = XCBuildConfiguration;
			buildSettings = {
				ASSETCATALOG_COMPILER_APPICON_NAME = AppIcon;
				DEVELOPMENT_TEAM = 4YZSA42PT9;
				INFOPLIST_FILE = Workout/Info.plist;
				LD_RUNPATH_SEARCH_PATHS = "$(inherited) @executable_path/Frameworks";
				PRODUCT_BUNDLE_IDENTIFIER = edu.psu.cse.sjl5386.Workout;
				PRODUCT_NAME = "$(TARGET_NAME)";
				SWIFT_VERSION = 3.0;
			};
			name = Debug;
		};
		DC6570E31DE0F0AC00266579 /* Release */ = {
			isa = XCBuildConfiguration;
			buildSettings = {
				ASSETCATALOG_COMPILER_APPICON_NAME = AppIcon;
				DEVELOPMENT_TEAM = 4YZSA42PT9;
				INFOPLIST_FILE = Workout/Info.plist;
				LD_RUNPATH_SEARCH_PATHS = "$(inherited) @executable_path/Frameworks";
				PRODUCT_BUNDLE_IDENTIFIER = edu.psu.cse.sjl5386.Workout;
				PRODUCT_NAME = "$(TARGET_NAME)";
				SWIFT_VERSION = 3.0;
			};
			name = Release;
		};
		DC6570E51DE0F0AC00266579 /* Debug */ = {
			isa = XCBuildConfiguration;
			buildSettings = {
				ALWAYS_EMBED_SWIFT_STANDARD_LIBRARIES = YES;
				BUNDLE_LOADER = "$(TEST_HOST)";
				INFOPLIST_FILE = WorkoutTests/Info.plist;
				LD_RUNPATH_SEARCH_PATHS = "$(inherited) @executable_path/Frameworks @loader_path/Frameworks";
				PRODUCT_BUNDLE_IDENTIFIER = edu.psu.cse.sjl5386.WorkoutTests;
				PRODUCT_NAME = "$(TARGET_NAME)";
				SWIFT_VERSION = 3.0;
				TEST_HOST = "$(BUILT_PRODUCTS_DIR)/Workout.app/Workout";
			};
			name = Debug;
		};
		DC6570E61DE0F0AC00266579 /* Release */ = {
			isa = XCBuildConfiguration;
			buildSettings = {
				ALWAYS_EMBED_SWIFT_STANDARD_LIBRARIES = YES;
				BUNDLE_LOADER = "$(TEST_HOST)";
				INFOPLIST_FILE = WorkoutTests/Info.plist;
				LD_RUNPATH_SEARCH_PATHS = "$(inherited) @executable_path/Frameworks @loader_path/Frameworks";
				PRODUCT_BUNDLE_IDENTIFIER = edu.psu.cse.sjl5386.WorkoutTests;
				PRODUCT_NAME = "$(TARGET_NAME)";
				SWIFT_VERSION = 3.0;
				TEST_HOST = "$(BUILT_PRODUCTS_DIR)/Workout.app/Workout";
			};
			name = Release;
		};
/* End XCBuildConfiguration section */

/* Begin XCConfigurationList section */
		DC6570BF1DE0F0AB00266579 /* Build configuration list for PBXProject "Workout" */ = {
			isa = XCConfigurationList;
			buildConfigurations = (
				DC6570DF1DE0F0AC00266579 /* Debug */,
				DC6570E01DE0F0AC00266579 /* Release */,
			);
			defaultConfigurationIsVisible = 0;
			defaultConfigurationName = Release;
		};
		DC6570E11DE0F0AC00266579 /* Build configuration list for PBXNativeTarget "Workout" */ = {
			isa = XCConfigurationList;
			buildConfigurations = (
				DC6570E21DE0F0AC00266579 /* Debug */,
				DC6570E31DE0F0AC00266579 /* Release */,
			);
			defaultConfigurationIsVisible = 0;
			defaultConfigurationName = Release;
		};
		DC6570E41DE0F0AC00266579 /* Build configuration list for PBXNativeTarget "WorkoutTests" */ = {
			isa = XCConfigurationList;
			buildConfigurations = (
				DC6570E51DE0F0AC00266579 /* Debug */,
				DC6570E61DE0F0AC00266579 /* Release */,
			);
			defaultConfigurationIsVisible = 0;
			defaultConfigurationName = Release;
		};
/* End XCConfigurationList section */
	};
	rootObject = DC6570BC1DE0F0AB00266579 /* Project object */;
}
